
Microsoft Visual Studio Solution File, Format Version 12.00
# Visual Studio Version 17
VisualStudioVersion = 17.12.35323.107
MinimumVisualStudioVersion = 10.0.40219.1
Project("{FAE04EC0-301F-11D3-BF4B-00C04F79EFBC}") = "SampleApp", "SampleApp\SampleApp.csproj", "{0838D737-05FD-4E84-962B-8DC1A06FB18E}"
EndProject
Global
	GlobalSection(SolutionConfigurationPlatforms) = preSolution
		Debug|Any CPU = Debug|Any CPU
		Release|Any CPU = Release|Any CPU
	EndGlobalSection
	GlobalSection(ProjectConfigurationPlatforms) = postSolution
		{0838D737-05FD-4E84-962B-8DC1A06FB18E}.Debug|Any CPU.ActiveCfg = Debug|Any CPU
		{0838D737-05FD-4E84-962B-8DC1A06FB18E}.Debug|Any CPU.Build.0 = Debug|Any CPU
		{0838D737-05FD-4E84-962B-8DC1A06FB18E}.Release|Any CPU.ActiveCfg = Release|Any CPU
		{0838D737-05FD-4E84-962B-8DC1A06FB18E}.Release|Any CPU.Build.0 = Release|Any CPU
	EndGlobalSection
	GlobalSection(SolutionProperties) = preSolution
		HideSolutionNode = FALSE
	EndGlobalSection
	GlobalSection(ExtensibilityGlobals) = postSolution
		SolutionGuid = {7A8DCC48-453A-4A63-8D27-75FDA01C0535}
	EndGlobalSection
EndGlobal
